hash: 73a04957cdb651e2d3287c911faf4355fa93b40499425c9635401bbb61683d6a
updated: 2017-03-30T07:45:51.349037046-07:00
imports:
- name: github.com/hashicorp/hcl
  version: 630949a3c5fa3c613328e1b8256052cbc2327c9b
  subpackages:
  - hcl/ast
  - hcl/parser
  - hcl/scanner
  - hcl/strconv
  - hcl/token
  - json/parser
  - json/scanner
  - json/token
- name: github.com/imdario/mergo
  version: 3e95a51e0639b4cf372f2ccf74c86749d747fbdc
- name: github.com/mgutz/jo
  version: e755681d31aec133e9bdf012e9fd2020a388ceff
- name: github.com/mgutz/to
  version: 00c06406c2dd2e011f153a6502a21473676db33f
- name: github.com/mgutz/yaml
  version: fa84835a587118b5ebe80c9b66ecd5a4d96e93ea
- name: github.com/nahanni/go-ucl
  version: 3788fcf0dad8868285c3ebb779fae2856b48da61
testImports:
- name: github.com/davecgh/go-spew
  version: 6d212800a42e8ab5c146b8ace3490ee17e5225f9
  subpackages:
  - spew
- name: github.com/pmezard/go-difflib
  version: d8ed2627bdf02c080bf22230dbb337003b7aba2d
  subpackages:
  - difflib
- name: github.com/stretchr/testify
  version: 69483b4bd14f5845b5a1e55bca19e954e827f1d0
  subpackages:
  - assert
