# This file is autogenerated, do not edit; changes may be undone by the next 'dep ensure'.


[[projects]]
  name = "github.com/davecgh/go-spew"
  packages = ["spew"]
  revision = "6d212800a42e8ab5c146b8ace3490ee17e5225f9"

[[projects]]
  name = "github.com/imdario/mergo"
  packages = ["."]
  revision = "3e95a51e0639b4cf372f2ccf74c86749d747fbdc"
  version = "0.2.2"

[[projects]]
  name = "github.com/mgutz/jo"
  packages = ["."]
  revision = "e755681d31aec133e9bdf012e9fd2020a388ceff"

[[projects]]
  name = "github.com/mgutz/to"
  packages = ["."]
  revision = "00c06406c2dd2e011f153a6502a21473676db33f"
  version = "v1.0.0"

[[projects]]
  branch = "map-string"
  name = "github.com/mgutz/yaml"
  packages = ["."]
  revision = "fa84835a587118b5ebe80c9b66ecd5a4d96e93ea"

[[projects]]
  branch = "master"
  name = "github.com/nahanni/go-ucl"
  packages = ["."]
  revision = "3788fcf0dad8868285c3ebb779fae2856b48da61"

[[projects]]
  name = "github.com/pmezard/go-difflib"
  packages = ["difflib"]
  revision = "d8ed2627bdf02c080bf22230dbb337003b7aba2d"

[[projects]]
  name = "github.com/stretchr/testify"
  packages = ["assert"]
  revision = "69483b4bd14f5845b5a1e55bca19e954e827f1d0"
  version = "v1.1.4"

[solve-meta]
  analyzer-name = "dep"
  analyzer-version = 1
  inputs-digest = "4c52fb50884f96ac03a2a98f05d71c76398909cad4edb108c7ae21cd06efdc4b"
  solver-name = "gps-cdcl"
  solver-version = 1
